
Microsoft Visual Studio Solution File, Format Version 12.00
# Visual Studio Version 17
VisualStudioVersion = 17.2.32616.157
MinimumVisualStudioVersion = 10.0.40219.1
Project("{FAE04EC0-301F-11D3-BF4B-00C04F79EFBC}") = "ClassesExercise", "ClassesExercise\ClassesExercise.csproj", "{24752C60-D8D4-44A0-8470-B028BA901C27}"
EndProject
Global
	GlobalSection(SolutionConfigurationPlatforms) = preSolution
		Debug|Any CPU = Debug|Any CPU
		Release|Any CPU = Release|Any CPU
	EndGlobalSection
	GlobalSection(ProjectConfigurationPlatforms) = postSolution
		{24752C60-D8D4-44A0-8470-B028BA901C27}.Debug|Any CPU.ActiveCfg = Debug|Any CPU
		{24752C60-D8D4-44A0-8470-B028BA901C27}.Debug|Any CPU.Build.0 = Debug|Any CPU
		{24752C60-D8D4-44A0-8470-B028BA901C27}.Release|Any CPU.ActiveCfg = Release|Any CPU
		{24752C60-D8D4-44A0-8470-B028BA901C27}.Release|Any CPU.Build.0 = Release|Any CPU
	EndGlobalSection
	GlobalSection(SolutionProperties) = preSolution
		HideSolutionNode = FALSE
	EndGlobalSection
	GlobalSection(ExtensibilityGlobals) = postSolution
		SolutionGuid = {EFC16B5A-60E2-41F8-A594-F0ADEF875F6C}
	EndGlobalSection
EndGlobal
